
Microsoft Visual Studio Solution File, Format Version 12.00
# Visual Studio Version 16
VisualStudioVersion = 16.0.30114.105
MinimumVisualStudioVersion = 10.0.40219.1
Project("{8BC9CEB8-8B4A-11D0-8D11-00A0C91BC942}") = "Vigenere-Cipher-Project", "Vigenere-Cipher-Project\Vigenere-Cipher-Project.vcxproj", "{F8ABC036-1796-4C33-983E-25FA8F2B6187}"
EndProject
Global
	GlobalSection(SolutionConfigurationPlatforms) = preSolution
		Debug|x64 = Debug|x64
		Debug|x86 = Debug|x86
		Release|x64 = Release|x64
		Release|x86 = Release|x86
	EndGlobalSection
	GlobalSection(ProjectConfigurationPlatforms) = postSolution
		{F8ABC036-1796-4C33-983E-25FA8F2B6187}.Debug|x64.ActiveCfg = Debug|x64
		{F8ABC036-1796-4C33-983E-25FA8F2B6187}.Debug|x64.Build.0 = Debug|x64
		{F8ABC036-1796-4C33-983E-25FA8F2B6187}.Debug|x86.ActiveCfg = Debug|Win32
		{F8ABC036-1796-4C33-983E-25FA8F2B6187}.Debug|x86.Build.0 = Debug|Win32
		{F8ABC036-1796-4C33-983E-25FA8F2B6187}.Release|x64.ActiveCfg = Release|x64
		{F8ABC036-1796-4C33-983E-25FA8F2B6187}.Release|x64.Build.0 = Release|x64
		{F8ABC036-1796-4C33-983E-25FA8F2B6187}.Release|x86.ActiveCfg = Release|Win32
		{F8ABC036-1796-4C33-983E-25FA8F2B6187}.Release|x86.Build.0 = Release|Win32
	EndGlobalSection
	GlobalSection(SolutionProperties) = preSolution
		HideSolutionNode = FALSE
	EndGlobalSection
	GlobalSection(ExtensibilityGlobals) = postSolution
		SolutionGuid = {B4C83B97-D7C9-439B-B6B4-5303736FCE62}
	EndGlobalSection
EndGlobal
